
Microsoft Visual Studio Solution File, Format Version 12.00
# Visual Studio Version 17
VisualStudioVersion = 17.5.002.0
MinimumVisualStudioVersion = 10.0.40219.1
Project("{9A19103F-16F7-4668-BE54-9A1E7A4F7556}") = "OpticianApp", "OpticianApp\OpticianApp.csproj", "{BD303BD4-C334-402B-A41D-2BB8872BF4C2}"
EndProject
Global
	GlobalSection(SolutionConfigurationPlatforms) = preSolution
		Debug|Any CPU = Debug|Any CPU
		Release|Any CPU = Release|Any CPU
	EndGlobalSection
	GlobalSection(ProjectConfigurationPlatforms) = postSolution
		{BD303BD4-C334-402B-A41D-2BB8872BF4C2}.Debug|Any CPU.ActiveCfg = Debug|Any CPU
		{BD303BD4-C334-402B-A41D-2BB8872BF4C2}.Debug|Any CPU.Build.0 = Debug|Any CPU
		{BD303BD4-C334-402B-A41D-2BB8872BF4C2}.Release|Any CPU.ActiveCfg = Release|Any CPU
		{BD303BD4-C334-402B-A41D-2BB8872BF4C2}.Release|Any CPU.Build.0 = Release|Any CPU
	EndGlobalSection
	GlobalSection(SolutionProperties) = preSolution
		HideSolutionNode = FALSE
	EndGlobalSection
	GlobalSection(ExtensibilityGlobals) = postSolution
		SolutionGuid = {C6E1B981-6BEC-41B5-B887-27552E78D699}
	EndGlobalSection
EndGlobal
